// !$*UTF8*$!
{
	archiveVersion = 1;
	classes = {
	};
	objectVersion = 46;
	objects = {

/* Begin PBXBuildFile section */
		25FA298E1C4895C100500505 /* main.m in Sources */ = {isa = PBXBuildFile; fileRef = 25FA298D1C4895C100500505 /* main.m */; };
		25FA29971C4895C100500505 /* Main.storyboard in Resources */ = {isa = PBXBuildFile; fileRef = 25FA29951C4895C100500505 /* Main.storyboard */; };
		25FA29991C4895C100500505 /* Assets.xcassets in Resources */ = {isa = PBXBuildFile; fileRef = 25FA29981C4895C100500505 /* Assets.xcassets */; };
		25FA299C1C4895C100500505 /* LaunchScreen.storyboard in Resources */ = {isa = PBXBuildFile; fileRef = 25FA299A1C4895C100500505 /* LaunchScreen.storyboard */; };
		25FA29B41C489BF400500505 /* AppDelegate.m in Sources */ = {isa = PBXBuildFile; fileRef = 25FA29A61C489BF400500505 /* AppDelegate.m */; };
		25FA29BB1C489D1B00500505 /* homePageViewController.m in Sources */ = {isa = PBXBuildFile; fileRef = 25FA29BA1C489D1B00500505 /* homePageViewController.m */; };
		25FA29BE1C489D2D00500505 /* findViewController.m in Sources */ = {isa = PBXBuildFile; fileRef = 25FA29BD1C489D2D00500505 /* findViewController.m */; };
		25FA29C11C489D4A00500505 /* chatViewController.m in Sources */ = {isa = PBXBuildFile; fileRef = 25FA29C01C489D4A00500505 /* chatViewController.m */; };
		25FA29C41C489D6100500505 /* buyTicketViewController.m in Sources */ = {isa = PBXBuildFile; fileRef = 25FA29C31C489D6100500505 /* buyTicketViewController.m */; };
/* End PBXBuildFile section */

/* Begin PBXFileReference section */
		25FA29891C4895C100500505 /* 影靡.app */ = {isa = PBXFileReference; explicitFileType = wrapper.application; includeInIndex = 0; path = "影靡.app"; sourceTree = BUILT_PRODUCTS_DIR; };
		25FA298D1C4895C100500505 /* main.m */ = {isa = PBXFileReference; lastKnownFileType = sourcecode.c.objc; path = main.m; sourceTree = "<group>"; };
		25FA29961C4895C100500505 /* Base */ = {isa = PBXFileReference; lastKnownFileType = file.storyboard; name = Base; path = Base.lproj/Main.storyboard; sourceTree = "<group>"; };
		25FA29981C4895C100500505 /* Assets.xcassets */ = {isa = PBXFileReference; lastKnownFileType = folder.assetcatalog; path = Assets.xcassets; sourceTree = "<group>"; };
		25FA299B1C4895C100500505 /* Base */ = {isa = PBXFileReference; lastKnownFileType = file.storyboard; name = Base; path = Base.lproj/LaunchScreen.storyboard; sourceTree = "<group>"; };
		25FA299D1C4895C100500505 /* Info.plist */ = {isa = PBXFileReference; lastKnownFileType = text.plist.xml; path = Info.plist; sourceTree = "<group>"; };
		25FA29A51C489BF400500505 /* AppDelegate.h */ = {isa = PBXFileReference; fileEncoding = 4; lastKnownFileType = sourcecode.c.h; path = AppDelegate.h; sourceTree = "<group>"; };
		25FA29A61C489BF400500505 /* AppDelegate.m */ = {isa = PBXFileReference; fileEncoding = 4; lastKnownFileType = sourcecode.c.objc; path = AppDelegate.m; sourceTree = "<group>"; };
		25FA29AE1C489BF400500505 /* APPHeader.h */ = {isa = PBXFileReference; fileEncoding = 4; lastKnownFileType = sourcecode.c.h; path = APPHeader.h; sourceTree = "<group>"; };
		25FA29AF1C489BF400500505 /* KEYHeader.h */ = {isa = PBXFileReference; fileEncoding = 4; lastKnownFileType = sourcecode.c.h; path = KEYHeader.h; sourceTree = "<group>"; };
		25FA29B01C489BF400500505 /* THRHeader.h */ = {isa = PBXFileReference; fileEncoding = 4; lastKnownFileType = sourcecode.c.h; path = THRHeader.h; sourceTree = "<group>"; };
		25FA29B11C489BF400500505 /* URLHeader.h */ = {isa = PBXFileReference; fileEncoding = 4; lastKnownFileType = sourcecode.c.h; path = URLHeader.h; sourceTree = "<group>"; };
		25FA29B91C489D1B00500505 /* homePageViewController.h */ = {isa = PBXFileReference; fileEncoding = 4; lastKnownFileType = sourcecode.c.h; path = homePageViewController.h; sourceTree = "<group>"; };
		25FA29BA1C489D1B00500505 /* homePageViewController.m */ = {isa = PBXFileReference; fileEncoding = 4; lastKnownFileType = sourcecode.c.objc; path = homePageViewController.m; sourceTree = "<group>"; };
		25FA29BC1C489D2D00500505 /* findViewController.h */ = {isa = PBXFileReference; fileEncoding = 4; lastKnownFileType = sourcecode.c.h; path = findViewController.h; sourceTree = "<group>"; };
		25FA29BD1C489D2D00500505 /* findViewController.m */ = {isa = PBXFileReference; fileEncoding = 4; lastKnownFileType = sourcecode.c.objc; path = findViewController.m; sourceTree = "<group>"; };
		25FA29BF1C489D4A00500505 /* chatViewController.h */ = {isa = PBXFileReference; fileEncoding = 4; lastKnownFileType = sourcecode.c.h; path = chatViewController.h; sourceTree = "<group>"; };
		25FA29C01C489D4A00500505 /* chatViewController.m */ = {isa = PBXFileReference; fileEncoding = 4; lastKnownFileType = sourcecode.c.objc; path = chatViewController.m; sourceTree = "<group>"; };
		25FA29C21C489D6100500505 /* buyTicketViewController.h */ = {isa = PBXFileReference; fileEncoding = 4; lastKnownFileType = sourcecode.c.h; path = buyTicketViewController.h; sourceTree = "<group>"; };
		25FA29C31C489D6100500505 /* buyTicketViewController.m */ = {isa = PBXFileReference; fileEncoding = 4; lastKnownFileType = sourcecode.c.objc; path = buyTicketViewController.m; sourceTree = "<group>"; };
/* End PBXFileReference section */

/* Begin PBXFrameworksBuildPhase section */
		25FA29861C4895C100500505 /* Frameworks */ = {
			isa = PBXFrameworksBuildPhase;
			buildActionMask = 2147483647;
			files = (
			);
			runOnlyForDeploymentPostprocessing = 0;
		};
/* End PBXFrameworksBuildPhase section */

/* Begin PBXGroup section */
		25FA29801C4895C100500505 = {
			isa = PBXGroup;
			children = (
				25FA298B1C4895C100500505 /* 影靡 */,
				25FA298A1C4895C100500505 /* Products */,
			);
			sourceTree = "<group>";
		};
		25FA298A1C4895C100500505 /* Products */ = {
			isa = PBXGroup;
			children = (
				25FA29891C4895C100500505 /* 影靡.app */,
			);
			name = Products;
			sourceTree = "<group>";
		};
		25FA298B1C4895C100500505 /* 影靡 */ = {
			isa = PBXGroup;
			children = (
				25FA29A31C489BF400500505 /* Source */,
				25FA29951C4895C100500505 /* Main.storyboard */,
				25FA29981C4895C100500505 /* Assets.xcassets */,
				25FA299A1C4895C100500505 /* LaunchScreen.storyboard */,
				25FA299D1C4895C100500505 /* Info.plist */,
				25FA298C1C4895C100500505 /* Supporting Files */,
			);
			path = "影靡";
			sourceTree = "<group>";
		};
		25FA298C1C4895C100500505 /* Supporting Files */ = {
			isa = PBXGroup;
			children = (
				25FA298D1C4895C100500505 /* main.m */,
			);
			name = "Supporting Files";
			sourceTree = "<group>";
		};
		25FA29A31C489BF400500505 /* Source */ = {
			isa = PBXGroup;
			children = (
				25FA29A41C489BF400500505 /* Application */,
				25FA29A71C489BF400500505 /* BaseClass */,
				25FA29A81C489BF400500505 /* CodeClass */,
				25FA29AC1C489BF400500505 /* Framework */,
				25FA29AD1C489BF400500505 /* Header */,
				25FA29B21C489BF400500505 /* Resources */,
				25FA29B31C489BF400500505 /* TheThird */,
			);
			path = Source;
			sourceTree = "<group>";
		};
		25FA29A41C489BF400500505 /* Application */ = {
			isa = PBXGroup;
			children = (
				25FA29A51C489BF400500505 /* AppDelegate.h */,
				25FA29A61C489BF400500505 /* AppDelegate.m */,
			);
			path = Application;
			sourceTree = "<group>";
		};
		25FA29A71C489BF400500505 /* BaseClass */ = {
			isa = PBXGroup;
			children = (
			);
			path = BaseClass;
			sourceTree = "<group>";
		};
		25FA29A81C489BF400500505 /* CodeClass */ = {
			isa = PBXGroup;
			children = (
				25FA29A91C489BF400500505 /* Controller */,
				25FA29AA1C489BF400500505 /* Model */,
				25FA29AB1C489BF400500505 /* View */,
			);
			path = CodeClass;
			sourceTree = "<group>";
		};
		25FA29A91C489BF400500505 /* Controller */ = {
			isa = PBXGroup;
			children = (
				25FA29B51C489CDE00500505 /* buyTickets */,
				25FA29B61C489CDE00500505 /* chat */,
				25FA29B71C489CDE00500505 /* find */,
				25FA29B81C489CDE00500505 /* homePage */,
			);
			path = Controller;
			sourceTree = "<group>";
		};
		25FA29AA1C489BF400500505 /* Model */ = {
			isa = PBXGroup;
			children = (
			);
			path = Model;
			sourceTree = "<group>";
		};
		25FA29AB1C489BF400500505 /* View */ = {
			isa = PBXGroup;
			children = (
			);
			path = View;
			sourceTree = "<group>";
		};
		25FA29AC1C489BF400500505 /* Framework */ = {
			isa = PBXGroup;
			children = (
			);
			path = Framework;
			sourceTree = "<group>";
		};
		25FA29AD1C489BF400500505 /* Header */ = {
			isa = PBXGroup;
			children = (
				25FA29AE1C489BF400500505 /* APPHeader.h */,
				25FA29AF1C489BF400500505 /* KEYHeader.h */,
				25FA29B01C489BF400500505 /* THRHeader.h */,
				25FA29B11C489BF400500505 /* URLHeader.h */,
			);
			path = Header;
			sourceTree = "<group>";
		};
		25FA29B21C489BF400500505 /* Resources */ = {
			isa = PBXGroup;
			children = (
			);
			path = Resources;
			sourceTree = "<group>";
		};
		25FA29B31C489BF400500505 /* TheThird */ = {
			isa = PBXGroup;
			children = (
			);
			path = TheThird;
			sourceTree = "<group>";
		};
		25FA29B51C489CDE00500505 /* buyTickets */ = {
			isa = PBXGroup;
			children = (
				25FA29C21C489D6100500505 /* buyTicketViewController.h */,
				25FA29C31C489D6100500505 /* buyTicketViewController.m */,
			);
			path = buyTickets;
			sourceTree = "<group>";
		};
		25FA29B61C489CDE00500505 /* chat */ = {
			isa = PBXGroup;
			children = (
				25FA29BF1C489D4A00500505 /* chatViewController.h */,
				25FA29C01C489D4A00500505 /* chatViewController.m */,
			);
			path = chat;
			sourceTree = "<group>";
		};
		25FA29B71C489CDE00500505 /* find */ = {
			isa = PBXGroup;
			children = (
				25FA29BC1C489D2D00500505 /* findViewController.h */,
				25FA29BD1C489D2D00500505 /* findViewController.m */,
			);
			path = find;
			sourceTree = "<group>";
		};
		25FA29B81C489CDE00500505 /* homePage */ = {
			isa = PBXGroup;
			children = (
				25FA29B91C489D1B00500505 /* homePageViewController.h */,
				25FA29BA1C489D1B00500505 /* homePageViewController.m */,
			);
			path = homePage;
			sourceTree = "<group>";
		};
/* End PBXGroup section */

/* Begin PBXNativeTarget section */
		25FA29881C4895C100500505 /* 影靡 */ = {
			isa = PBXNativeTarget;
			buildConfigurationList = 25FA29A01C4895C100500505 /* Build configuration list for PBXNativeTarget "影靡" */;
			buildPhases = (
				25FA29851C4895C100500505 /* Sources */,
				25FA29861C4895C100500505 /* Frameworks */,
				25FA29871C4895C100500505 /* Resources */,
			);
			buildRules = (
			);
			dependencies = (
			);
			name = "影靡";
			productName = "影靡";
			productReference = 25FA29891C4895C100500505 /* 影靡.app */;
			productType = "com.apple.product-type.application";
		};
/* End PBXNativeTarget section */

/* Begin PBXProject section */
		25FA29811C4895C100500505 /* Project object */ = {
			isa = PBXProject;
			attributes = {
				LastUpgradeCheck = 0720;
				ORGANIZATIONNAME = zy;
				TargetAttributes = {
					25FA29881C4895C100500505 = {
						CreatedOnToolsVersion = 7.2;
					};
				};
			};
			buildConfigurationList = 25FA29841C4895C100500505 /* Build configuration list for PBXProject "影靡" */;
			compatibilityVersion = "Xcode 3.2";
			developmentRegion = English;
			hasScannedForEncodings = 0;
			knownRegions = (
				en,
				Base,
			);
			mainGroup = 25FA29801C4895C100500505;
			productRefGroup = 25FA298A1C4895C100500505 /* Products */;
			projectDirPath = "";
			projectRoot = "";
			targets = (
				25FA29881C4895C100500505 /* 影靡 */,
			);
		};
/* End PBXProject section */

/* Begin PBXResourcesBuildPhase section */
		25FA29871C4895C100500505 /* Resources */ = {
			isa = PBXResourcesBuildPhase;
			buildActionMask = 2147483647;
			files = (
				25FA299C1C4895C100500505 /* LaunchScreen.storyboard in Resources */,
				25FA29991C4895C100500505 /* Assets.xcassets in Resources */,
				25FA29971C4895C100500505 /* Main.storyboard in Resources */,
			);
			runOnlyForDeploymentPostprocessing = 0;
		};
/* End PBXResourcesBuildPhase section */

/* Begin PBXSourcesBuildPhase section */
		25FA29851C4895C100500505 /* Sources */ = {
			isa = PBXSourcesBuildPhase;
			buildActionMask = 2147483647;
			files = (
				25FA29B41C489BF400500505 /* AppDelegate.m in Sources */,
				25FA29BB1C489D1B00500505 /* homePageViewController.m in Sources */,
				25FA29C11C489D4A00500505 /* chatViewController.m in Sources */,
				25FA298E1C4895C100500505 /* main.m in Sources */,
				25FA29BE1C489D2D00500505 /* findViewController.m in Sources */,
				25FA29C41C489D6100500505 /* buyTicketViewController.m in Sources */,
			);
			runOnlyForDeploymentPostprocessing = 0;
		};
/* End PBXSourcesBuildPhase section */

/* Begin PBXVariantGroup section */
		25FA29951C4895C100500505 /* Main.storyboard */ = {
			isa = PBXVariantGroup;
			children = (
				25FA29961C4895C100500505 /* Base */,
			);
			name = Main.storyboard;
			sourceTree = "<group>";
		};
		25FA299A1C4895C100500505 /* LaunchScreen.storyboard */ = {
			isa = PBXVariantGroup;
			children = (
				25FA299B1C4895C100500505 /* Base */,
			);
			name = LaunchScreen.storyboard;
			sourceTree = "<group>";
		};
/* End PBXVariantGroup section */

/* Begin XCBuildConfiguration section */
		25FA299E1C4895C100500505 /* Debug */ = {
			isa = XCBuildConfiguration;
			buildSettings = {
				ALWAYS_SEARCH_USER_PATHS = NO;
				CLANG_CXX_LANGUAGE_STANDARD = "gnu++0x";
				CLANG_CXX_LIBRARY = "libc++";
				CLANG_ENABLE_MODULES = YES;
				CLANG_ENABLE_OBJC_ARC = YES;
				CLANG_WARN_BOOL_CONVERSION = YES;
				CLANG_WARN_CONSTANT_CONVERSION = YES;
				CLANG_WARN_DIRECT_OBJC_ISA_USAGE = YES_ERROR;
				CLANG_WARN_EMPTY_BODY = YES;
				CLANG_WARN_ENUM_CONVERSION = YES;
				CLANG_WARN_INT_CONVERSION = YES;
				CLANG_WARN_OBJC_ROOT_CLASS = YES_ERROR;
				CLANG_WARN_UNREACHABLE_CODE = YES;
				CLANG_WARN__DUPLICATE_METHOD_MATCH = YES;
				"CODE_SIGN_IDENTITY[sdk=iphoneos*]" = "iPhone Developer";
				COPY_PHASE_STRIP = NO;
				DEBUG_INFORMATION_FORMAT = dwarf;
				ENABLE_STRICT_OBJC_MSGSEND = YES;
				ENABLE_TESTABILITY = YES;
				GCC_C_LANGUAGE_STANDARD = gnu99;
				GCC_DYNAMIC_NO_PIC = NO;
				GCC_NO_COMMON_BLOCKS = YES;
				GCC_OPTIMIZATION_LEVEL = 0;
				GCC_PREPROCESSOR_DEFINITIONS = (
					"DEBUG=1",
					"$(inherited)",
				);
				GCC_WARN_64_TO_32_BIT_CONVERSION = YES;
				GCC_WARN_ABOUT_RETURN_TYPE = YES_ERROR;
				GCC_WARN_UNDECLARED_SELECTOR = YES;
				GCC_WARN_UNINITIALIZED_AUTOS = YES_AGGRESSIVE;
				GCC_WARN_UNUSED_FUNCTION = YES;
				GCC_WARN_UNUSED_VARIABLE = YES;
				IPHONEOS_DEPLOYMENT_TARGET = 9.2;
				MTL_ENABLE_DEBUG_INFO = YES;
				ONLY_ACTIVE_ARCH = YES;
				SDKROOT = iphoneos;
				TARGETED_DEVICE_FAMILY = "1,2";
			};
			name = Debug;
		};
		25FA299F1C4895C100500505 /* Release */ = {
			isa = XCBuildConfiguration;
			buildSettings = {
				ALWAYS_SEARCH_USER_PATHS = NO;
				CLANG_CXX_LANGUAGE_STANDARD = "gnu++0x";
				CLANG_CXX_LIBRARY = "libc++";
				CLANG_ENABLE_MODULES = YES;
				CLANG_ENABLE_OBJC_ARC = YES;
				CLANG_WARN_BOOL_CONVERSION = YES;
				CLANG_WARN_CONSTANT_CONVERSION = YES;
				CLANG_WARN_DIRECT_OBJC_ISA_USAGE = YES_ERROR;
				CLANG_WARN_EMPTY_BODY = YES;
				CLANG_WARN_ENUM_CONVERSION = YES;
				CLANG_WARN_INT_CONVERSION = YES;
				CLANG_WARN_OBJC_ROOT_CLASS = YES_ERROR;
				CLANG_WARN_UNREACHABLE_CODE = YES;
				CLANG_WARN__DUPLICATE_METHOD_MATCH = YES;
				"CODE_SIGN_IDENTITY[sdk=iphoneos*]" = "iPhone Developer";
				COPY_PHASE_STRIP = NO;
				DEBUG_INFORMATION_FORMAT = "dwarf-with-dsym";
				ENABLE_NS_ASSERTIONS = NO;
				ENABLE_STRICT_OBJC_MSGSEND = YES;
				GCC_C_LANGUAGE_STANDARD = gnu99;
				GCC_NO_COMMON_BLOCKS = YES;
				GCC_WARN_64_TO_32_BIT_CONVERSION = YES;
				GCC_WARN_ABOUT_RETURN_TYPE = YES_ERROR;
				GCC_WARN_UNDECLARED_SELECTOR = YES;
				GCC_WARN_UNINITIALIZED_AUTOS = YES_AGGRESSIVE;
				GCC_WARN_UNUSED_FUNCTION = YES;
				GCC_WARN_UNUSED_VARIABLE = YES;
				IPHONEOS_DEPLOYMENT_TARGET = 9.2;
				MTL_ENABLE_DEBUG_INFO = NO;
				SDKROOT = iphoneos;
				TARGETED_DEVICE_FAMILY = "1,2";
				VALIDATE_PRODUCT = YES;
			};
			name = Release;
		};
		25FA29A11C4895C100500505 /* Debug */ = {
			isa = XCBuildConfiguration;
			buildSettings = {
				ASSETCATALOG_COMPILER_APPICON_NAME = AppIcon;
				INFOPLIST_FILE = "影靡/Info.plist";
				LD_RUNPATH_SEARCH_PATHS = "$(inherited) @executable_path/Frameworks";
				PRODUCT_BUNDLE_IDENTIFIER = "com.zhouyong.--";
				PRODUCT_NAME = "$(TARGET_NAME)";
			};
			name = Debug;
		};
		25FA29A21C4895C100500505 /* Release */ = {
			isa = XCBuildConfiguration;
			buildSettings = {
				ASSETCATALOG_COMPILER_APPICON_NAME = AppIcon;
				INFOPLIST_FILE = "影靡/Info.plist";
				LD_RUNPATH_SEARCH_PATHS = "$(inherited) @executable_path/Frameworks";
				PRODUCT_BUNDLE_IDENTIFIER = "com.zhouyong.--";
				PRODUCT_NAME = "$(TARGET_NAME)";
			};
			name = Release;
		};
/* End XCBuildConfiguration section */

/* Begin XCConfigurationList section */
		25FA29841C4895C100500505 /* Build configuration list for PBXProject "影靡" */ = {
			isa = XCConfigurationList;
			buildConfigurations = (
				25FA299E1C4895C100500505 /* Debug */,
				25FA299F1C4895C100500505 /* Release */,
			);
			defaultConfigurationIsVisible = 0;
			defaultConfigurationName = Release;
		};
		25FA29A01C4895C100500505 /* Build configuration list for PBXNativeTarget "影靡" */ = {
			isa = XCConfigurationList;
			buildConfigurations = (
				25FA29A11C4895C100500505 /* Debug */,
				25FA29A21C4895C100500505 /* Release */,
			);
			defaultConfigurationIsVisible = 0;
			defaultConfigurationName = Release;
		};
/* End XCConfigurationList section */
	};
	rootObject = 25FA29811C4895C100500505 /* Project object */;
}
